{"version":1,"dependencies":{"net8.0":{"Contoso.Core":{"type":"Direct","requested":"[0.9.0, )","resolved":"0.9.0","dependencies":{"Newtonsoft.Json":"12.0.3"}},"Newtonsoft.Json":{"type":"Transitive","resolved":"12.0.3"}},".NETFramework,Version=v4.8":{"Contoso.Core":{"type":"Direct","resolved":"0.9.0"},"Newtonsoft.Json":{"type":"Transitive","resolved":"12.0.3"}}}}
