{
  "version": 1,
  "dependencies": {
    "net8.0": {
      "Contoso.Payments": {
        "type": "Direct",
        "requested": "[1.0.0, )",
        "resolved": "1.0.0",
        "dependencies": {
          "Newtonsoft.Json": "13.0.3"
        }
      },
      "Newtonsoft.Json": {
        "type": "Transitive",
        "resolved": "13.0.3"
      }
    }
  }
}
